# THIS IS AN AUTOGENERATED FILE. DO NOT EDIT THIS FILE DIRECTLY.
# yarn lockfile v1


bs-node-http@^0.3.1:
  version "0.3.1"
  resolved "https://registry.yarnpkg.com/bs-node-http/-/bs-node-http-0.3.1.tgz#4067e9e9c4cda028206f9c8ff28e71b7f5e14d09"
  integrity sha512-iI4sNaDa9HHHehfPpW9wmxHrbDC5U3ptGh4JHSHJcDJsj1HF9DKb/GoO6QDLt0yqQAo4ZoH20OWBLbtwYSHSNQ==

bs-platform@^4.0.18:
  version "4.0.18"
  resolved "https://registry.yarnpkg.com/bs-platform/-/bs-platform-4.0.18.tgz#d17b8693ba1f714d9b27e0ddb365f2069ba4b8a0"
  integrity sha512-BwzW0iYHvREqUZIgQxJmdJrxexppLvJxYQ4LLexbhCp7uZU5DIZ5ub4ZHpkCkc8fn8bsXWc+Rrejb3csi+BoAQ==
